
Microsoft Visual Studio Solution File, Format Version 12.00
# Visual Studio Version 16
VisualStudioVersion = 16.0.31911.196
MinimumVisualStudioVersion = 10.0.40219.1
Project("{FAE04EC0-301F-11D3-BF4B-00C04F79EFBC}") = "PalindromeNumber", "PalindromeNumber.csproj", "{98DD3DCB-F5A3-4A16-A89A-FA235DB14E19}"
EndProject
Global
	GlobalSection(SolutionConfigurationPlatforms) = preSolution
		Debug|Any CPU = Debug|Any CPU
		Release|Any CPU = Release|Any CPU
	EndGlobalSection
	GlobalSection(ProjectConfigurationPlatforms) = postSolution
		{98DD3DCB-F5A3-4A16-A89A-FA235DB14E19}.Debug|Any CPU.ActiveCfg = Debug|Any CPU
		{98DD3DCB-F5A3-4A16-A89A-FA235DB14E19}.Debug|Any CPU.Build.0 = Debug|Any CPU
		{98DD3DCB-F5A3-4A16-A89A-FA235DB14E19}.Release|Any CPU.ActiveCfg = Release|Any CPU
		{98DD3DCB-F5A3-4A16-A89A-FA235DB14E19}.Release|Any CPU.Build.0 = Release|Any CPU
	EndGlobalSection
	GlobalSection(SolutionProperties) = preSolution
		HideSolutionNode = FALSE
	EndGlobalSection
	GlobalSection(ExtensibilityGlobals) = postSolution
		SolutionGuid = {E47BA993-2817-4959-A5D9-1BAE1EF8D5D9}
	EndGlobalSection
EndGlobal
